{
    "_readme": [
        "This file locks the dependencies of your project to a known state",
        "Read more about it at https://getcomposer.org/doc/01-basic-usage.md#installing-dependencies",
        "This file is @generated automatically"
    ],
    "content-hash": "7b0f016879ba28b67266269e06da7647",
    "packages": [
        {
            "name": "mjaschen/phpgeo",
            "version": "3.2.0",
            "source": {
                "type": "git",
                "url": "https://github.com/mjaschen/phpgeo.git",
                "reference": "ed5e371e78ef86237f917e6832a8bd9d8f36777f"
            },
            "dist": {
                "type": "zip",
                "url": "https://api.github.com/repos/mjaschen/phpgeo/zipball/ed5e371e78ef86237f917e6832a8bd9d8f36777f",
                "reference": "ed5e371e78ef86237f917e6832a8bd9d8f36777f",
                "shasum": ""
            },
            "require": {
                "php": ">=7.2"
            },
            "require-dev": {
                "daux/daux.io": "^0.14.0",
                "phploc/phploc": "^5.0",
                "phpunit/phpunit": "^8.0",
                "squizlabs/php_codesniffer": "^3.5",
                "theseer/phpdox": "^0.12.0",
                "vimeo/psalm": "^3.12"
            },
            "type": "library",
            "autoload": {
                "psr-4": {
                    "Location\\": "src/"
                }
            },
            "notification-url": "https://packagist.org/downloads/",
            "license": [
                "MIT"
            ],
            "authors": [
                {
                    "name": "Marcus Jaschen",
                    "email": "mjaschen@gmail.com",
                    "homepage": "https://www.marcusjaschen.de/"
                }
            ],
            "description": "Simple Yet Powerful Geo Library",
            "homepage": "https://phpgeo.marcusjaschen.de/",
            "keywords": [
                "Polygon",
                "area",
                "bearing",
                "bounds",
                "calculation",
                "coordinate",
                "distance",
                "earth",
                "ellipsoid",
                "geo",
                "geofence",
                "gis",
                "gps",
                "haversine",
                "length",
                "perpendicular",
                "point",
                "polyline",
                "projection",
                "simplify",
                "track",
                "vincenty"
            ],
            "time": "2020-10-09T14:57:20+00:00"
        }
    ],
    "packages-dev": [],
    "aliases": [],
    "minimum-stability": "stable",
    "stability-flags": [],
    "prefer-stable": false,
    "prefer-lowest": false,
    "platform": [],
    "platform-dev": [],
    "plugin-api-version": "1.1.0"
}
